
Microsoft Visual Studio Solution File, Format Version 11.00
# Visual Studio 2010
Project("{FAE04EC0-301F-11D3-BF4B-00C04F79EFBC}") = "Assembly-CSharp", "Assembly-CSharp.csproj", "{36384977-b69e-58f9-b5f2-fe224c5536d9}"
EndProject
Project("{FAE04EC0-301F-11D3-BF4B-00C04F79EFBC}") = "Assembly-CSharp-Editor", "Assembly-CSharp-Editor.csproj", "{68fdccd3-2f23-226f-3f66-ba2419fd0d13}"
EndProject
Global
	GlobalSection(SolutionConfigurationPlatforms) = preSolution
		Debug|Any CPU = Debug|Any CPU
		Release|Any CPU = Release|Any CPU
	EndGlobalSection
	GlobalSection(ProjectConfigurationPlatforms) = postSolution
		{36384977-b69e-58f9-b5f2-fe224c5536d9}.Debug|Any CPU.ActiveCfg = Debug|Any CPU
		{36384977-b69e-58f9-b5f2-fe224c5536d9}.Debug|Any CPU.Build.0 = Debug|Any CPU
		{36384977-b69e-58f9-b5f2-fe224c5536d9}.Release|Any CPU.ActiveCfg = Release|Any CPU
		{36384977-b69e-58f9-b5f2-fe224c5536d9}.Release|Any CPU.Build.0 = Release|Any CPU
		{68fdccd3-2f23-226f-3f66-ba2419fd0d13}.Debug|Any CPU.ActiveCfg = Debug|Any CPU
		{68fdccd3-2f23-226f-3f66-ba2419fd0d13}.Debug|Any CPU.Build.0 = Debug|Any CPU
		{68fdccd3-2f23-226f-3f66-ba2419fd0d13}.Release|Any CPU.ActiveCfg = Release|Any CPU
		{68fdccd3-2f23-226f-3f66-ba2419fd0d13}.Release|Any CPU.Build.0 = Release|Any CPU
	EndGlobalSection
	GlobalSection(SolutionProperties) = preSolution
		HideSolutionNode = FALSE
	EndGlobalSection
EndGlobal
